// !$*UTF8*$!
{
	archiveVersion = 1;
	classes = {
	};
	objectVersion = 50;
	objects = {

/* Begin PBXBuildFile section */
		1CC8BAEE248E151200B0969E /* AppDelegate.swift in Sources */ = {isa = PBXBuildFile; fileRef = 1CC8BAED248E151200B0969E /* AppDelegate.swift */; };
		1CC8BAF0248E151200B0969E /* SceneDelegate.swift in Sources */ = {isa = PBXBuildFile; fileRef = 1CC8BAEF248E151200B0969E /* SceneDelegate.swift */; };
		1CC8BAF2248E151200B0969E /* ViewController.swift in Sources */ = {isa = PBXBuildFile; fileRef = 1CC8BAF1248E151200B0969E /* ViewController.swift */; };
		1CC8BAF5248E151200B0969E /* Main.storyboard in Resources */ = {isa = PBXBuildFile; fileRef = 1CC8BAF3248E151200B0969E /* Main.storyboard */; };
		1CC8BAF7248E151500B0969E /* Assets.xcassets in Resources */ = {isa = PBXBuildFile; fileRef = 1CC8BAF6248E151500B0969E /* Assets.xcassets */; };
		1CC8BAFA248E151500B0969E /* LaunchScreen.storyboard in Resources */ = {isa = PBXBuildFile; fileRef = 1CC8BAF8248E151500B0969E /* LaunchScreen.storyboard */; };
		1CC8BB05248E156500B0969E /* cross.png in Resources */ = {isa = PBXBuildFile; fileRef = 1CC8BB02248E156500B0969E /* cross.png */; };
		1CC8BB06248E156500B0969E /* board.png in Resources */ = {isa = PBXBuildFile; fileRef = 1CC8BB03248E156500B0969E /* board.png */; };
		1CC8BB07248E156500B0969E /* nought.png in Resources */ = {isa = PBXBuildFile; fileRef = 1CC8BB04248E156500B0969E /* nought.png */; };
/* End PBXBuildFile section */

/* Begin PBXFileReference section */
		1CC8BAEA248E151200B0969E /* TicTacToe-template.app */ = {isa = PBXFileReference; explicitFileType = wrapper.application; includeInIndex = 0; path = "TicTacToe-template.app"; sourceTree = BUILT_PRODUCTS_DIR; };
		1CC8BAED248E151200B0969E /* AppDelegate.swift */ = {isa = PBXFileReference; lastKnownFileType = sourcecode.swift; path = AppDelegate.swift; sourceTree = "<group>"; };
		1CC8BAEF248E151200B0969E /* SceneDelegate.swift */ = {isa = PBXFileReference; lastKnownFileType = sourcecode.swift; path = SceneDelegate.swift; sourceTree = "<group>"; };
		1CC8BAF1248E151200B0969E /* ViewController.swift */ = {isa = PBXFileReference; lastKnownFileType = sourcecode.swift; path = ViewController.swift; sourceTree = "<group>"; };
		1CC8BAF4248E151200B0969E /* Base */ = {isa = PBXFileReference; lastKnownFileType = file.storyboard; name = Base; path = Base.lproj/Main.storyboard; sourceTree = "<group>"; };
		1CC8BAF6248E151500B0969E /* Assets.xcassets */ = {isa = PBXFileReference; lastKnownFileType = folder.assetcatalog; path = Assets.xcassets; sourceTree = "<group>"; };
		1CC8BAF9248E151500B0969E /* Base */ = {isa = PBXFileReference; lastKnownFileType = file.storyboard; name = Base; path = Base.lproj/LaunchScreen.storyboard; sourceTree = "<group>"; };
		1CC8BAFB248E151500B0969E /* Info.plist */ = {isa = PBXFileReference; lastKnownFileType = text.plist.xml; path = Info.plist; sourceTree = "<group>"; };
		1CC8BB02248E156500B0969E /* cross.png */ = {isa = PBXFileReference; lastKnownFileType = image.png; path = cross.png; sourceTree = "<group>"; };
		1CC8BB03248E156500B0969E /* board.png */ = {isa = PBXFileReference; lastKnownFileType = image.png; path = board.png; sourceTree = "<group>"; };
		1CC8BB04248E156500B0969E /* nought.png */ = {isa = PBXFileReference; lastKnownFileType = image.png; path = nought.png; sourceTree = "<group>"; };
/* End PBXFileReference section */

/* Begin PBXFrameworksBuildPhase section */
		1CC8BAE7248E151200B0969E /* Frameworks */ = {
			isa = PBXFrameworksBuildPhase;
			buildActionMask = 2147483647;
			files = (
			);
			runOnlyForDeploymentPostprocessing = 0;
		};
/* End PBXFrameworksBuildPhase section */

/* Begin PBXGroup section */
		1CC8BAE1248E151200B0969E = {
			isa = PBXGroup;
			children = (
				1CC8BAEC248E151200B0969E /* TicTacToe-template */,
				1CC8BAEB248E151200B0969E /* Products */,
			);
			sourceTree = "<group>";
		};
		1CC8BAEB248E151200B0969E /* Products */ = {
			isa = PBXGroup;
			children = (
				1CC8BAEA248E151200B0969E /* TicTacToe-template.app */,
			);
			name = Products;
			sourceTree = "<group>";
		};
		1CC8BAEC248E151200B0969E /* TicTacToe-template */ = {
			isa = PBXGroup;
			children = (
				1CC8BB01248E156500B0969E /* res */,
				1CC8BAED248E151200B0969E /* AppDelegate.swift */,
				1CC8BAEF248E151200B0969E /* SceneDelegate.swift */,
				1CC8BAF1248E151200B0969E /* ViewController.swift */,
				1CC8BAF3248E151200B0969E /* Main.storyboard */,
				1CC8BAF6248E151500B0969E /* Assets.xcassets */,
				1CC8BAF8248E151500B0969E /* LaunchScreen.storyboard */,
				1CC8BAFB248E151500B0969E /* Info.plist */,
			);
			path = "TicTacToe-template";
			sourceTree = "<group>";
		};
		1CC8BB01248E156500B0969E /* res */ = {
			isa = PBXGroup;
			children = (
				1CC8BB02248E156500B0969E /* cross.png */,
				1CC8BB03248E156500B0969E /* board.png */,
				1CC8BB04248E156500B0969E /* nought.png */,
			);
			path = res;
			sourceTree = "<group>";
		};
/* End PBXGroup section */

/* Begin PBXNativeTarget section */
		1CC8BAE9248E151200B0969E /* TicTacToe-template */ = {
			isa = PBXNativeTarget;
			buildConfigurationList = 1CC8BAFE248E151500B0969E /* Build configuration list for PBXNativeTarget "TicTacToe-template" */;
			buildPhases = (
				1CC8BAE6248E151200B0969E /* Sources */,
				1CC8BAE7248E151200B0969E /* Frameworks */,
				1CC8BAE8248E151200B0969E /* Resources */,
			);
			buildRules = (
			);
			dependencies = (
			);
			name = "TicTacToe-template";
			productName = "TicTacToe-template";
			productReference = 1CC8BAEA248E151200B0969E /* TicTacToe-template.app */;
			productType = "com.apple.product-type.application";
		};
/* End PBXNativeTarget section */

/* Begin PBXProject section */
		1CC8BAE2248E151200B0969E /* Project object */ = {
			isa = PBXProject;
			attributes = {
				LastSwiftUpdateCheck = 1150;
				LastUpgradeCheck = 1150;
				ORGANIZATIONNAME = mohammadkiani;
				TargetAttributes = {
					1CC8BAE9248E151200B0969E = {
						CreatedOnToolsVersion = 11.5;
					};
				};
			};
			buildConfigurationList = 1CC8BAE5248E151200B0969E /* Build configuration list for PBXProject "TicTacToe-template" */;
			compatibilityVersion = "Xcode 9.3";
			developmentRegion = en;
			hasScannedForEncodings = 0;
			knownRegions = (
				en,
				Base,
			);
			mainGroup = 1CC8BAE1248E151200B0969E;
			productRefGroup = 1CC8BAEB248E151200B0969E /* Products */;
			projectDirPath = "";
			projectRoot = "";
			targets = (
				1CC8BAE9248E151200B0969E /* TicTacToe-template */,
			);
		};
/* End PBXProject section */

/* Begin PBXResourcesBuildPhase section */
		1CC8BAE8248E151200B0969E /* Resources */ = {
			isa = PBXResourcesBuildPhase;
			buildActionMask = 2147483647;
			files = (
				1CC8BAFA248E151500B0969E /* LaunchScreen.storyboard in Resources */,
				1CC8BAF7248E151500B0969E /* Assets.xcassets in Resources */,
				1CC8BB07248E156500B0969E /* nought.png in Resources */,
				1CC8BB05248E156500B0969E /* cross.png in Resources */,
				1CC8BB06248E156500B0969E /* board.png in Resources */,
				1CC8BAF5248E151200B0969E /* Main.storyboard in Resources */,
			);
			runOnlyForDeploymentPostprocessing = 0;
		};
/* End PBXResourcesBuildPhase section */

/* Begin PBXSourcesBuildPhase section */
		1CC8BAE6248E151200B0969E /* Sources */ = {
			isa = PBXSourcesBuildPhase;
			buildActionMask = 2147483647;
			files = (
				1CC8BAF2248E151200B0969E /* ViewController.swift in Sources */,
				1CC8BAEE248E151200B0969E /* AppDelegate.swift in Sources */,
				1CC8BAF0248E151200B0969E /* SceneDelegate.swift in Sources */,
			);
			runOnlyForDeploymentPostprocessing = 0;
		};
/* End PBXSourcesBuildPhase section */

/* Begin PBXVariantGroup section */
		1CC8BAF3248E151200B0969E /* Main.storyboard */ = {
			isa = PBXVariantGroup;
			children = (
				1CC8BAF4248E151200B0969E /* Base */,
			);
			name = Main.storyboard;
			sourceTree = "<group>";
		};
		1CC8BAF8248E151500B0969E /* LaunchScreen.storyboard */ = {
			isa = PBXVariantGroup;
			children = (
				1CC8BAF9248E151500B0969E /* Base */,
			);
			name = LaunchScreen.storyboard;
			sourceTree = "<group>";
		};
/* End PBXVariantGroup section */

/* Begin XCBuildConfiguration section */
		1CC8BAFC248E151500B0969E /* Debug */ = {
			isa = XCBuildConfiguration;
			buildSettings = {
				ALWAYS_SEARCH_USER_PATHS = NO;
				CLANG_ANALYZER_NONNULL = YES;
				CLANG_ANALYZER_NUMBER_OBJECT_CONVERSION = YES_AGGRESSIVE;
				CLANG_CXX_LANGUAGE_STANDARD = "gnu++14";
				CLANG_CXX_LIBRARY = "libc++";
				CLANG_ENABLE_MODULES = YES;
				CLANG_ENABLE_OBJC_ARC = YES;
				CLANG_ENABLE_OBJC_WEAK = YES;
				CLANG_WARN_BLOCK_CAPTURE_AUTORELEASING = YES;
				CLANG_WARN_BOOL_CONVERSION = YES;
				CLANG_WARN_COMMA = YES;
				CLANG_WARN_CONSTANT_CONVERSION = YES;
				CLANG_WARN_DEPRECATED_OBJC_IMPLEMENTATIONS = YES;
				CLANG_WARN_DIRECT_OBJC_ISA_USAGE = YES_ERROR;
				CLANG_WARN_DOCUMENTATION_COMMENTS = YES;
				CLANG_WARN_EMPTY_BODY = YES;
				CLANG_WARN_ENUM_CONVERSION = YES;
				CLANG_WARN_INFINITE_RECURSION = YES;
				CLANG_WARN_INT_CONVERSION = YES;
				CLANG_WARN_NON_LITERAL_NULL_CONVERSION = YES;
				CLANG_WARN_OBJC_IMPLICIT_RETAIN_SELF = YES;
				CLANG_WARN_OBJC_LITERAL_CONVERSION = YES;
				CLANG_WARN_OBJC_ROOT_CLASS = YES_ERROR;
				CLANG_WARN_RANGE_LOOP_ANALYSIS = YES;
				CLANG_WARN_STRICT_PROTOTYPES = YES;
				CLANG_WARN_SUSPICIOUS_MOVE = YES;
				CLANG_WARN_UNGUARDED_AVAILABILITY = YES_AGGRESSIVE;
				CLANG_WARN_UNREACHABLE_CODE = YES;
				CLANG_WARN__DUPLICATE_METHOD_MATCH = YES;
				COPY_PHASE_STRIP = NO;
				DEBUG_INFORMATION_FORMAT = dwarf;
				ENABLE_STRICT_OBJC_MSGSEND = YES;
				ENABLE_TESTABILITY = YES;
				GCC_C_LANGUAGE_STANDARD = gnu11;
				GCC_DYNAMIC_NO_PIC = NO;
				GCC_NO_COMMON_BLOCKS = YES;
				GCC_OPTIMIZATION_LEVEL = 0;
				GCC_PREPROCESSOR_DEFINITIONS = (
					"DEBUG=1",
					"$(inherited)",
				);
				GCC_WARN_64_TO_32_BIT_CONVERSION = YES;
				GCC_WARN_ABOUT_RETURN_TYPE = YES_ERROR;
				GCC_WARN_UNDECLARED_SELECTOR = YES;
				GCC_WARN_UNINITIALIZED_AUTOS = YES_AGGRESSIVE;
				GCC_WARN_UNUSED_FUNCTION = YES;
				GCC_WARN_UNUSED_VARIABLE = YES;
				IPHONEOS_DEPLOYMENT_TARGET = 13.5;
				MTL_ENABLE_DEBUG_INFO = INCLUDE_SOURCE;
				MTL_FAST_MATH = YES;
				ONLY_ACTIVE_ARCH = YES;
				SDKROOT = iphoneos;
				SWIFT_ACTIVE_COMPILATION_CONDITIONS = DEBUG;
				SWIFT_OPTIMIZATION_LEVEL = "-Onone";
			};
			name = Debug;
		};
		1CC8BAFD248E151500B0969E /* Release */ = {
			isa = XCBuildConfiguration;
			buildSettings = {
				ALWAYS_SEARCH_USER_PATHS = NO;
				CLANG_ANALYZER_NONNULL = YES;
				CLANG_ANALYZER_NUMBER_OBJECT_CONVERSION = YES_AGGRESSIVE;
				CLANG_CXX_LANGUAGE_STANDARD = "gnu++14";
				CLANG_CXX_LIBRARY = "libc++";
				CLANG_ENABLE_MODULES = YES;
				CLANG_ENABLE_OBJC_ARC = YES;
				CLANG_ENABLE_OBJC_WEAK = YES;
				CLANG_WARN_BLOCK_CAPTURE_AUTORELEASING = YES;
				CLANG_WARN_BOOL_CONVERSION = YES;
				CLANG_WARN_COMMA = YES;
				CLANG_WARN_CONSTANT_CONVERSION = YES;
				CLANG_WARN_DEPRECATED_OBJC_IMPLEMENTATIONS = YES;
				CLANG_WARN_DIRECT_OBJC_ISA_USAGE = YES_ERROR;
				CLANG_WARN_DOCUMENTATION_COMMENTS = YES;
				CLANG_WARN_EMPTY_BODY = YES;
				CLANG_WARN_ENUM_CONVERSION = YES;
				CLANG_WARN_INFINITE_RECURSION = YES;
				CLANG_WARN_INT_CONVERSION = YES;
				CLANG_WARN_NON_LITERAL_NULL_CONVERSION = YES;
				CLANG_WARN_OBJC_IMPLICIT_RETAIN_SELF = YES;
				CLANG_WARN_OBJC_LITERAL_CONVERSION = YES;
				CLANG_WARN_OBJC_ROOT_CLASS = YES_ERROR;
				CLANG_WARN_RANGE_LOOP_ANALYSIS = YES;
				CLANG_WARN_STRICT_PROTOTYPES = YES;
				CLANG_WARN_SUSPICIOUS_MOVE = YES;
				CLANG_WARN_UNGUARDED_AVAILABILITY = YES_AGGRESSIVE;
				CLANG_WARN_UNREACHABLE_CODE = YES;
				CLANG_WARN__DUPLICATE_METHOD_MATCH = YES;
				COPY_PHASE_STRIP = NO;
				DEBUG_INFORMATION_FORMAT = "dwarf-with-dsym";
				ENABLE_NS_ASSERTIONS = NO;
				ENABLE_STRICT_OBJC_MSGSEND = YES;
				GCC_C_LANGUAGE_STANDARD = gnu11;
				GCC_NO_COMMON_BLOCKS = YES;
				GCC_WARN_64_TO_32_BIT_CONVERSION = YES;
				GCC_WARN_ABOUT_RETURN_TYPE = YES_ERROR;
				GCC_WARN_UNDECLARED_SELECTOR = YES;
				GCC_WARN_UNINITIALIZED_AUTOS = YES_AGGRESSIVE;
				GCC_WARN_UNUSED_FUNCTION = YES;
				GCC_WARN_UNUSED_VARIABLE = YES;
				IPHONEOS_DEPLOYMENT_TARGET = 13.5;
				MTL_ENABLE_DEBUG_INFO = NO;
				MTL_FAST_MATH = YES;
				SDKROOT = iphoneos;
				SWIFT_COMPILATION_MODE = wholemodule;
				SWIFT_OPTIMIZATION_LEVEL = "-O";
				VALIDATE_PRODUCT = YES;
			};
			name = Release;
		};
		1CC8BAFF248E151500B0969E /* Debug */ = {
			isa = XCBuildConfiguration;
			buildSettings = {
				ASSETCATALOG_COMPILER_APPICON_NAME = AppIcon;
				CODE_SIGN_STYLE = Automatic;
				DEVELOPMENT_TEAM = 439A5LJCX9;
				INFOPLIST_FILE = "TicTacToe-template/Info.plist";
				LD_RUNPATH_SEARCH_PATHS = (
					"$(inherited)",
					"@executable_path/Frameworks",
				);
				PRODUCT_BUNDLE_IDENTIFIER = "com.mohammadkiani.TicTacToe-template";
				PRODUCT_NAME = "$(TARGET_NAME)";
				SWIFT_VERSION = 5.0;
				TARGETED_DEVICE_FAMILY = "1,2";
			};
			name = Debug;
		};
		1CC8BB00248E151500B0969E /* Release */ = {
			isa = XCBuildConfiguration;
			buildSettings = {
				ASSETCATALOG_COMPILER_APPICON_NAME = AppIcon;
				CODE_SIGN_STYLE = Automatic;
				DEVELOPMENT_TEAM = 439A5LJCX9;
				INFOPLIST_FILE = "TicTacToe-template/Info.plist";
				LD_RUNPATH_SEARCH_PATHS = (
					"$(inherited)",
					"@executable_path/Frameworks",
				);
				PRODUCT_BUNDLE_IDENTIFIER = "com.mohammadkiani.TicTacToe-template";
				PRODUCT_NAME = "$(TARGET_NAME)";
				SWIFT_VERSION = 5.0;
				TARGETED_DEVICE_FAMILY = "1,2";
			};
			name = Release;
		};
/* End XCBuildConfiguration section */

/* Begin XCConfigurationList section */
		1CC8BAE5248E151200B0969E /* Build configuration list for PBXProject "TicTacToe-template" */ = {
			isa = XCConfigurationList;
			buildConfigurations = (
				1CC8BAFC248E151500B0969E /* Debug */,
				1CC8BAFD248E151500B0969E /* Release */,
			);
			defaultConfigurationIsVisible = 0;
			defaultConfigurationName = Release;
		};
		1CC8BAFE248E151500B0969E /* Build configuration list for PBXNativeTarget "TicTacToe-template" */ = {
			isa = XCConfigurationList;
			buildConfigurations = (
				1CC8BAFF248E151500B0969E /* Debug */,
				1CC8BB00248E151500B0969E /* Release */,
			);
			defaultConfigurationIsVisible = 0;
			defaultConfigurationName = Release;
		};
/* End XCConfigurationList section */
	};
	rootObject = 1CC8BAE2248E151200B0969E /* Project object */;
}
